
Microsoft Visual Studio Solution File, Format Version 12.00
# Visual Studio 2015
Project("{FAE04EC0-301F-11D3-BF4B-00C04F79EFBC}") = "TwitchBrawl.CSharp", "TwitchBrawl.CSharp.csproj", "{99976412-3E44-22F8-5EA4-6B00ED463698}"
EndProject
Project("{FAE04EC0-301F-11D3-BF4B-00C04F79EFBC}") = "TwitchBrawl.CSharp.Editor", "TwitchBrawl.CSharp.Editor.csproj", "{822889C6-E75E-1738-4CE4-CA045F9C11C7}"
EndProject
Global
	GlobalSection(SolutionConfigurationPlatforms) = preSolution
		Debug|Any CPU = Debug|Any CPU
		Release|Any CPU = Release|Any CPU
	EndGlobalSection
	GlobalSection(ProjectConfigurationPlatforms) = postSolution
		{99976412-3E44-22F8-5EA4-6B00ED463698}.Debug|Any CPU.ActiveCfg = Debug|Any CPU
		{99976412-3E44-22F8-5EA4-6B00ED463698}.Debug|Any CPU.Build.0 = Debug|Any CPU
		{99976412-3E44-22F8-5EA4-6B00ED463698}.Release|Any CPU.ActiveCfg = Release|Any CPU
		{99976412-3E44-22F8-5EA4-6B00ED463698}.Release|Any CPU.Build.0 = Release|Any CPU
		{822889C6-E75E-1738-4CE4-CA045F9C11C7}.Debug|Any CPU.ActiveCfg = Debug|Any CPU
		{822889C6-E75E-1738-4CE4-CA045F9C11C7}.Debug|Any CPU.Build.0 = Debug|Any CPU
		{822889C6-E75E-1738-4CE4-CA045F9C11C7}.Release|Any CPU.ActiveCfg = Release|Any CPU
		{822889C6-E75E-1738-4CE4-CA045F9C11C7}.Release|Any CPU.Build.0 = Release|Any CPU
	EndGlobalSection
	GlobalSection(SolutionProperties) = preSolution
		HideSolutionNode = FALSE
	EndGlobalSection
EndGlobal
